
Microsoft Visual Studio Solution File, Format Version 12.00
# Visual Studio Version 16
VisualStudioVersion = 16.0.28803.352
MinimumVisualStudioVersion = 10.0.40219.1
Project("{9A19103F-16F7-4668-BE54-9A1E7A4F7556}") = "StandUpCore", "StandUpCore\StandUpCore.csproj", "{8E528CE6-CE3D-40A5-8920-AA2BF3507D04}"
EndProject
Project("{2150E333-8FDC-42A3-9474-1A3956D46DE8}") = "Solution Items", "Solution Items", "{4F0F2E3F-CF64-415C-B4D3-14FEB3B533BD}"
	ProjectSection(SolutionItems) = preProject
		.gitignore = .gitignore
	EndProjectSection
EndProject
Global
	GlobalSection(SolutionConfigurationPlatforms) = preSolution
		Debug|Any CPU = Debug|Any CPU
		Release|Any CPU = Release|Any CPU
	EndGlobalSection
	GlobalSection(ProjectConfigurationPlatforms) = postSolution
		{8E528CE6-CE3D-40A5-8920-AA2BF3507D04}.Debug|Any CPU.ActiveCfg = Debug|Any CPU
		{8E528CE6-CE3D-40A5-8920-AA2BF3507D04}.Debug|Any CPU.Build.0 = Debug|Any CPU
		{8E528CE6-CE3D-40A5-8920-AA2BF3507D04}.Release|Any CPU.ActiveCfg = Release|Any CPU
		{8E528CE6-CE3D-40A5-8920-AA2BF3507D04}.Release|Any CPU.Build.0 = Release|Any CPU
	EndGlobalSection
	GlobalSection(SolutionProperties) = preSolution
		HideSolutionNode = FALSE
	EndGlobalSection
	GlobalSection(ExtensibilityGlobals) = postSolution
		SolutionGuid = {360761C1-84A7-4EE6-968C-B406B362D3F0}
	EndGlobalSection
EndGlobal
